
Microsoft Visual Studio Solution File, Format Version 12.00
# Visual Studio 15
VisualStudioVersion = 15.0.27130.2010
MinimumVisualStudioVersion = 10.0.40219.1
Project("{FAE04EC0-301F-11D3-BF4B-00C04F79EFBC}") = "CalculatorPro", "CalculatorPro\CalculatorPro.csproj", "{915841BF-C9ED-45DC-B04B-6419F21B7BED}"
EndProject
Global
	GlobalSection(SolutionConfigurationPlatforms) = preSolution
		Debug|Any CPU = Debug|Any CPU
		Release|Any CPU = Release|Any CPU
	EndGlobalSection
	GlobalSection(ProjectConfigurationPlatforms) = postSolution
		{915841BF-C9ED-45DC-B04B-6419F21B7BED}.Debug|Any CPU.ActiveCfg = Debug|Any CPU
		{915841BF-C9ED-45DC-B04B-6419F21B7BED}.Debug|Any CPU.Build.0 = Debug|Any CPU
		{915841BF-C9ED-45DC-B04B-6419F21B7BED}.Release|Any CPU.ActiveCfg = Release|Any CPU
		{915841BF-C9ED-45DC-B04B-6419F21B7BED}.Release|Any CPU.Build.0 = Release|Any CPU
	EndGlobalSection
	GlobalSection(SolutionProperties) = preSolution
		HideSolutionNode = FALSE
	EndGlobalSection
	GlobalSection(ExtensibilityGlobals) = postSolution
		SolutionGuid = {E1FC9B42-4D3D-46E8-A3B9-E36DB3F05A42}
	EndGlobalSection
EndGlobal
